
Microsoft Visual Studio Solution File, Format Version 12.00
# Visual Studio Version 16
VisualStudioVersion = 16.0.31613.86
MinimumVisualStudioVersion = 10.0.40219.1
Project("{9A19103F-16F7-4668-BE54-9A1E7A4F7556}") = "BobbleSort", "BobbleSort\BobbleSort.csproj", "{F6375F73-DA74-418E-A1C9-CEAC4BE427B6}"
EndProject
Project("{FAE04EC0-301F-11D3-BF4B-00C04F79EFBC}") = "Common", "Common\Common.csproj", "{FF18B143-9383-4CC0-828A-2DC01D0B8D7B}"
EndProject
Project("{FAE04EC0-301F-11D3-BF4B-00C04F79EFBC}") = "InsertionSort", "InsertionSort\InsertionSort.csproj", "{9FB281E4-EDFD-4CB9-B445-7F14E2C3BD45}"
EndProject
Project("{FAE04EC0-301F-11D3-BF4B-00C04F79EFBC}") = "SelectionSort", "SelectionSort\SelectionSort.csproj", "{5CA4882A-E591-44F6-A29D-A9653D860784}"
EndProject
Project("{FAE04EC0-301F-11D3-BF4B-00C04F79EFBC}") = "MergeSort", "MergeSort\MergeSort.csproj", "{387CF1E3-4382-4BEE-81EE-2AFCA04B2D82}"
EndProject
Project("{FAE04EC0-301F-11D3-BF4B-00C04F79EFBC}") = "QuickSort", "QuickSort\QuickSort.csproj", "{1725C975-61E1-4E2C-A400-D96A3F64F5EC}"
EndProject
Global
	GlobalSection(SolutionConfigurationPlatforms) = preSolution
		Debug|Any CPU = Debug|Any CPU
		Release|Any CPU = Release|Any CPU
	EndGlobalSection
	GlobalSection(ProjectConfigurationPlatforms) = postSolution
		{F6375F73-DA74-418E-A1C9-CEAC4BE427B6}.Debug|Any CPU.ActiveCfg = Debug|Any CPU
		{F6375F73-DA74-418E-A1C9-CEAC4BE427B6}.Debug|Any CPU.Build.0 = Debug|Any CPU
		{F6375F73-DA74-418E-A1C9-CEAC4BE427B6}.Release|Any CPU.ActiveCfg = Release|Any CPU
		{F6375F73-DA74-418E-A1C9-CEAC4BE427B6}.Release|Any CPU.Build.0 = Release|Any CPU
		{FF18B143-9383-4CC0-828A-2DC01D0B8D7B}.Debug|Any CPU.ActiveCfg = Debug|Any CPU
		{FF18B143-9383-4CC0-828A-2DC01D0B8D7B}.Debug|Any CPU.Build.0 = Debug|Any CPU
		{FF18B143-9383-4CC0-828A-2DC01D0B8D7B}.Release|Any CPU.ActiveCfg = Release|Any CPU
		{FF18B143-9383-4CC0-828A-2DC01D0B8D7B}.Release|Any CPU.Build.0 = Release|Any CPU
		{9FB281E4-EDFD-4CB9-B445-7F14E2C3BD45}.Debug|Any CPU.ActiveCfg = Debug|Any CPU
		{9FB281E4-EDFD-4CB9-B445-7F14E2C3BD45}.Debug|Any CPU.Build.0 = Debug|Any CPU
		{9FB281E4-EDFD-4CB9-B445-7F14E2C3BD45}.Release|Any CPU.ActiveCfg = Release|Any CPU
		{9FB281E4-EDFD-4CB9-B445-7F14E2C3BD45}.Release|Any CPU.Build.0 = Release|Any CPU
		{5CA4882A-E591-44F6-A29D-A9653D860784}.Debug|Any CPU.ActiveCfg = Debug|Any CPU
		{5CA4882A-E591-44F6-A29D-A9653D860784}.Debug|Any CPU.Build.0 = Debug|Any CPU
		{5CA4882A-E591-44F6-A29D-A9653D860784}.Release|Any CPU.ActiveCfg = Release|Any CPU
		{5CA4882A-E591-44F6-A29D-A9653D860784}.Release|Any CPU.Build.0 = Release|Any CPU
		{387CF1E3-4382-4BEE-81EE-2AFCA04B2D82}.Debug|Any CPU.ActiveCfg = Debug|Any CPU
		{387CF1E3-4382-4BEE-81EE-2AFCA04B2D82}.Debug|Any CPU.Build.0 = Debug|Any CPU
		{387CF1E3-4382-4BEE-81EE-2AFCA04B2D82}.Release|Any CPU.ActiveCfg = Release|Any CPU
		{387CF1E3-4382-4BEE-81EE-2AFCA04B2D82}.Release|Any CPU.Build.0 = Release|Any CPU
		{1725C975-61E1-4E2C-A400-D96A3F64F5EC}.Debug|Any CPU.ActiveCfg = Debug|Any CPU
		{1725C975-61E1-4E2C-A400-D96A3F64F5EC}.Debug|Any CPU.Build.0 = Debug|Any CPU
		{1725C975-61E1-4E2C-A400-D96A3F64F5EC}.Release|Any CPU.ActiveCfg = Release|Any CPU
		{1725C975-61E1-4E2C-A400-D96A3F64F5EC}.Release|Any CPU.Build.0 = Release|Any CPU
	EndGlobalSection
	GlobalSection(SolutionProperties) = preSolution
		HideSolutionNode = FALSE
	EndGlobalSection
	GlobalSection(ExtensibilityGlobals) = postSolution
		SolutionGuid = {BC729B83-7150-49CB-88A7-574435050DCB}
	EndGlobalSection
EndGlobal
